
Microsoft Visual Studio Solution File, Format Version 12.00
# Visual Studio 2012
Project("{FAE04EC0-301F-11D3-BF4B-00C04F79EFBC}") = "CorretorOrtografico", "CorretorOrtografico\CorretorOrtografico.csproj", "{0E64646A-3E87-4F7A-86AE-F8EE68325245}"
EndProject
Project("{FAE04EC0-301F-11D3-BF4B-00C04F79EFBC}") = "Corretor", "Corretor\Corretor.csproj", "{6A7BA00D-ACF9-4D12-B875-C5717D06B500}"
EndProject
Global
	GlobalSection(SolutionConfigurationPlatforms) = preSolution
		Debug|Any CPU = Debug|Any CPU
		Release|Any CPU = Release|Any CPU
	EndGlobalSection
	GlobalSection(ProjectConfigurationPlatforms) = postSolution
		{0E64646A-3E87-4F7A-86AE-F8EE68325245}.Debug|Any CPU.ActiveCfg = Debug|Any CPU
		{0E64646A-3E87-4F7A-86AE-F8EE68325245}.Debug|Any CPU.Build.0 = Debug|Any CPU
		{0E64646A-3E87-4F7A-86AE-F8EE68325245}.Release|Any CPU.ActiveCfg = Release|Any CPU
		{0E64646A-3E87-4F7A-86AE-F8EE68325245}.Release|Any CPU.Build.0 = Release|Any CPU
		{6A7BA00D-ACF9-4D12-B875-C5717D06B500}.Debug|Any CPU.ActiveCfg = Debug|Any CPU
		{6A7BA00D-ACF9-4D12-B875-C5717D06B500}.Debug|Any CPU.Build.0 = Debug|Any CPU
		{6A7BA00D-ACF9-4D12-B875-C5717D06B500}.Release|Any CPU.ActiveCfg = Release|Any CPU
		{6A7BA00D-ACF9-4D12-B875-C5717D06B500}.Release|Any CPU.Build.0 = Release|Any CPU
	EndGlobalSection
	GlobalSection(SolutionProperties) = preSolution
		HideSolutionNode = FALSE
	EndGlobalSection
EndGlobal
